
Microsoft Visual Studio Solution File, Format Version 12.00
# Visual Studio Version 18
VisualStudioVersion = 18.1.11312.151
MinimumVisualStudioVersion = 10.0.40219.1
Project("{FAE04EC0-301F-11D3-BF4B-00C04F79EFBC}") = "SoundGen", "SoundPlayer\SoundGen.csproj", "{07236A40-3439-48A7-8940-C1D089082F30}"
EndProject
Global
	GlobalSection(SolutionConfigurationPlatforms) = preSolution
		Debug|Any CPU = Debug|Any CPU
		Release|Any CPU = Release|Any CPU
	EndGlobalSection
	GlobalSection(ProjectConfigurationPlatforms) = postSolution
		{07236A40-3439-48A7-8940-C1D089082F30}.Debug|Any CPU.ActiveCfg = Debug|Any CPU
		{07236A40-3439-48A7-8940-C1D089082F30}.Debug|Any CPU.Build.0 = Debug|Any CPU
		{07236A40-3439-48A7-8940-C1D089082F30}.Release|Any CPU.ActiveCfg = Release|Any CPU
		{07236A40-3439-48A7-8940-C1D089082F30}.Release|Any CPU.Build.0 = Release|Any CPU
	EndGlobalSection
	GlobalSection(SolutionProperties) = preSolution
		HideSolutionNode = FALSE
	EndGlobalSection
	GlobalSection(ExtensibilityGlobals) = postSolution
		SolutionGuid = {A8E84B02-FBDE-4BE5-B3C8-8D3DA6B10F29}
	EndGlobalSection
EndGlobal
